// !$*UTF8*$!
{
	archiveVersion = 1;
	classes = {
	};
	objectVersion = 50;
	objects = {

/* Begin PBXBuildFile section */
		0944FB25275B9F8C00BBBA47 /* AppDelegate.swift in Sources */ = {isa = PBXBuildFile; fileRef = 0944FB24275B9F8C00BBBA47 /* AppDelegate.swift */; };
		0944FB27275B9F8C00BBBA47 /* SceneDelegate.swift in Sources */ = {isa = PBXBuildFile; fileRef = 0944FB26275B9F8C00BBBA47 /* SceneDelegate.swift */; };
		0944FB29275B9F8C00BBBA47 /* ViewController.swift in Sources */ = {isa = PBXBuildFile; fileRef = 0944FB28275B9F8C00BBBA47 /* ViewController.swift */; };
		0944FB2C275B9F8C00BBBA47 /* Main.storyboard in Resources */ = {isa = PBXBuildFile; fileRef = 0944FB2A275B9F8C00BBBA47 /* Main.storyboard */; };
		0944FB2E275B9F8D00BBBA47 /* Assets.xcassets in Resources */ = {isa = PBXBuildFile; fileRef = 0944FB2D275B9F8D00BBBA47 /* Assets.xcassets */; };
		0944FB31275B9F8D00BBBA47 /* LaunchScreen.storyboard in Resources */ = {isa = PBXBuildFile; fileRef = 0944FB2F275B9F8D00BBBA47 /* LaunchScreen.storyboard */; };
		0944FB3A275B9FAD00BBBA47 /* app_privacy policy_HimaQ.pdf in Resources */ = {isa = PBXBuildFile; fileRef = 0944FB39275B9FAD00BBBA47 /* app_privacy policy_HimaQ.pdf */; };
		B168C644A8280176CD848E6D /* Pods_QuizApp_PrivacyPolicy.framework in Frameworks */ = {isa = PBXBuildFile; fileRef = 8BB5529B452BAD11F7D8D095 /* Pods_QuizApp_PrivacyPolicy.framework */; };
/* End PBXBuildFile section */

/* Begin PBXFileReference section */
		0944FB21275B9F8C00BBBA47 /* QuizApp_PrivacyPolicy.app */ = {isa = PBXFileReference; explicitFileType = wrapper.application; includeInIndex = 0; path = QuizApp_PrivacyPolicy.app; sourceTree = BUILT_PRODUCTS_DIR; };
		0944FB24275B9F8C00BBBA47 /* AppDelegate.swift */ = {isa = PBXFileReference; lastKnownFileType = sourcecode.swift; path = AppDelegate.swift; sourceTree = "<group>"; };
		0944FB26275B9F8C00BBBA47 /* SceneDelegate.swift */ = {isa = PBXFileReference; lastKnownFileType = sourcecode.swift; path = SceneDelegate.swift; sourceTree = "<group>"; };
		0944FB28275B9F8C00BBBA47 /* ViewController.swift */ = {isa = PBXFileReference; lastKnownFileType = sourcecode.swift; path = ViewController.swift; sourceTree = "<group>"; };
		0944FB2B275B9F8C00BBBA47 /* Base */ = {isa = PBXFileReference; lastKnownFileType = file.storyboard; name = Base; path = Base.lproj/Main.storyboard; sourceTree = "<group>"; };
		0944FB2D275B9F8D00BBBA47 /* Assets.xcassets */ = {isa = PBXFileReference; lastKnownFileType = folder.assetcatalog; path = Assets.xcassets; sourceTree = "<group>"; };
		0944FB30275B9F8D00BBBA47 /* Base */ = {isa = PBXFileReference; lastKnownFileType = file.storyboard; name = Base; path = Base.lproj/LaunchScreen.storyboard; sourceTree = "<group>"; };
		0944FB32275B9F8D00BBBA47 /* Info.plist */ = {isa = PBXFileReference; lastKnownFileType = text.plist.xml; path = Info.plist; sourceTree = "<group>"; };
		0944FB39275B9FAD00BBBA47 /* app_privacy policy_HimaQ.pdf */ = {isa = PBXFileReference; lastKnownFileType = image.pdf; path = "app_privacy policy_HimaQ.pdf"; sourceTree = "<group>"; };
		8BB5529B452BAD11F7D8D095 /* Pods_QuizApp_PrivacyPolicy.framework */ = {isa = PBXFileReference; explicitFileType = wrapper.framework; includeInIndex = 0; path = Pods_QuizApp_PrivacyPolicy.framework; sourceTree = BUILT_PRODUCTS_DIR; };
		A940C0E772EDC50DB9A86398 /* Pods-QuizApp_PrivacyPolicy.release.xcconfig */ = {isa = PBXFileReference; includeInIndex = 1; lastKnownFileType = text.xcconfig; name = "Pods-QuizApp_PrivacyPolicy.release.xcconfig"; path = "Target Support Files/Pods-QuizApp_PrivacyPolicy/Pods-QuizApp_PrivacyPolicy.release.xcconfig"; sourceTree = "<group>"; };
		B38FAC2878557AE3647793CB /* Pods-QuizApp_PrivacyPolicy.debug.xcconfig */ = {isa = PBXFileReference; includeInIndex = 1; lastKnownFileType = text.xcconfig; name = "Pods-QuizApp_PrivacyPolicy.debug.xcconfig"; path = "Target Support Files/Pods-QuizApp_PrivacyPolicy/Pods-QuizApp_PrivacyPolicy.debug.xcconfig"; sourceTree = "<group>"; };
/* End PBXFileReference section */

/* Begin PBXFrameworksBuildPhase section */
		0944FB1E275B9F8C00BBBA47 /* Frameworks */ = {
			isa = PBXFrameworksBuildPhase;
			buildActionMask = 2147483647;
			files = (
				B168C644A8280176CD848E6D /* Pods_QuizApp_PrivacyPolicy.framework in Frameworks */,
			);
			runOnlyForDeploymentPostprocessing = 0;
		};
/* End PBXFrameworksBuildPhase section */

/* Begin PBXGroup section */
		0944FB18275B9F8C00BBBA47 = {
			isa = PBXGroup;
			children = (
				0944FB39275B9FAD00BBBA47 /* app_privacy policy_HimaQ.pdf */,
				0944FB23275B9F8C00BBBA47 /* QuizApp_PrivacyPolicy */,
				0944FB22275B9F8C00BBBA47 /* Products */,
				D97FBEC10238EE34E4832B90 /* Pods */,
				18A0AF0555DFF663B89AA5C8 /* Frameworks */,
			);
			sourceTree = "<group>";
		};
		0944FB22275B9F8C00BBBA47 /* Products */ = {
			isa = PBXGroup;
			children = (
				0944FB21275B9F8C00BBBA47 /* QuizApp_PrivacyPolicy.app */,
			);
			name = Products;
			sourceTree = "<group>";
		};
		0944FB23275B9F8C00BBBA47 /* QuizApp_PrivacyPolicy */ = {
			isa = PBXGroup;
			children = (
				0944FB24275B9F8C00BBBA47 /* AppDelegate.swift */,
				0944FB26275B9F8C00BBBA47 /* SceneDelegate.swift */,
				0944FB28275B9F8C00BBBA47 /* ViewController.swift */,
				0944FB2A275B9F8C00BBBA47 /* Main.storyboard */,
				0944FB2D275B9F8D00BBBA47 /* Assets.xcassets */,
				0944FB2F275B9F8D00BBBA47 /* LaunchScreen.storyboard */,
				0944FB32275B9F8D00BBBA47 /* Info.plist */,
			);
			path = QuizApp_PrivacyPolicy;
			sourceTree = "<group>";
		};
		18A0AF0555DFF663B89AA5C8 /* Frameworks */ = {
			isa = PBXGroup;
			children = (
				8BB5529B452BAD11F7D8D095 /* Pods_QuizApp_PrivacyPolicy.framework */,
			);
			name = Frameworks;
			sourceTree = "<group>";
		};
		D97FBEC10238EE34E4832B90 /* Pods */ = {
			isa = PBXGroup;
			children = (
				B38FAC2878557AE3647793CB /* Pods-QuizApp_PrivacyPolicy.debug.xcconfig */,
				A940C0E772EDC50DB9A86398 /* Pods-QuizApp_PrivacyPolicy.release.xcconfig */,
			);
			name = Pods;
			path = Pods;
			sourceTree = "<group>";
		};
/* End PBXGroup section */

/* Begin PBXNativeTarget section */
		0944FB20275B9F8C00BBBA47 /* QuizApp_PrivacyPolicy */ = {
			isa = PBXNativeTarget;
			buildConfigurationList = 0944FB35275B9F8D00BBBA47 /* Build configuration list for PBXNativeTarget "QuizApp_PrivacyPolicy" */;
			buildPhases = (
				01031D90964ED804A2EA3DE6 /* [CP] Check Pods Manifest.lock */,
				0944FB1D275B9F8C00BBBA47 /* Sources */,
				0944FB1E275B9F8C00BBBA47 /* Frameworks */,
				0944FB1F275B9F8C00BBBA47 /* Resources */,
			);
			buildRules = (
			);
			dependencies = (
			);
			name = QuizApp_PrivacyPolicy;
			productName = QuizApp_PrivacyPolicy;
			productReference = 0944FB21275B9F8C00BBBA47 /* QuizApp_PrivacyPolicy.app */;
			productType = "com.apple.product-type.application";
		};
/* End PBXNativeTarget section */

/* Begin PBXProject section */
		0944FB19275B9F8C00BBBA47 /* Project object */ = {
			isa = PBXProject;
			attributes = {
				LastSwiftUpdateCheck = 1240;
				LastUpgradeCheck = 1240;
				TargetAttributes = {
					0944FB20275B9F8C00BBBA47 = {
						CreatedOnToolsVersion = 12.4;
					};
				};
			};
			buildConfigurationList = 0944FB1C275B9F8C00BBBA47 /* Build configuration list for PBXProject "QuizApp_PrivacyPolicy" */;
			compatibilityVersion = "Xcode 9.3";
			developmentRegion = en;
			hasScannedForEncodings = 0;
			knownRegions = (
				en,
				Base,
			);
			mainGroup = 0944FB18275B9F8C00BBBA47;
			productRefGroup = 0944FB22275B9F8C00BBBA47 /* Products */;
			projectDirPath = "";
			projectRoot = "";
			targets = (
				0944FB20275B9F8C00BBBA47 /* QuizApp_PrivacyPolicy */,
			);
		};
/* End PBXProject section */

/* Begin PBXResourcesBuildPhase section */
		0944FB1F275B9F8C00BBBA47 /* Resources */ = {
			isa = PBXResourcesBuildPhase;
			buildActionMask = 2147483647;
			files = (
				0944FB31275B9F8D00BBBA47 /* LaunchScreen.storyboard in Resources */,
				0944FB3A275B9FAD00BBBA47 /* app_privacy policy_HimaQ.pdf in Resources */,
				0944FB2E275B9F8D00BBBA47 /* Assets.xcassets in Resources */,
				0944FB2C275B9F8C00BBBA47 /* Main.storyboard in Resources */,
			);
			runOnlyForDeploymentPostprocessing = 0;
		};
/* End PBXResourcesBuildPhase section */

/* Begin PBXShellScriptBuildPhase section */
		01031D90964ED804A2EA3DE6 /* [CP] Check Pods Manifest.lock */ = {
			isa = PBXShellScriptBuildPhase;
			buildActionMask = 2147483647;
			files = (
			);
			inputFileListPaths = (
			);
			inputPaths = (
				"${PODS_PODFILE_DIR_PATH}/Podfile.lock",
				"${PODS_ROOT}/Manifest.lock",
			);
			name = "[CP] Check Pods Manifest.lock";
			outputFileListPaths = (
			);
			outputPaths = (
				"$(DERIVED_FILE_DIR)/Pods-QuizApp_PrivacyPolicy-checkManifestLockResult.txt",
			);
			runOnlyForDeploymentPostprocessing = 0;
			shellPath = /bin/sh;
			shellScript = "diff \"${PODS_PODFILE_DIR_PATH}/Podfile.lock\" \"${PODS_ROOT}/Manifest.lock\" > /dev/null\nif [ $? != 0 ] ; then\n    # print error to STDERR\n    echo \"error: The sandbox is not in sync with the Podfile.lock. Run 'pod install' or update your CocoaPods installation.\" >&2\n    exit 1\nfi\n# This output is used by Xcode 'outputs' to avoid re-running this script phase.\necho \"SUCCESS\" > \"${SCRIPT_OUTPUT_FILE_0}\"\n";
			showEnvVarsInLog = 0;
		};
/* End PBXShellScriptBuildPhase section */

/* Begin PBXSourcesBuildPhase section */
		0944FB1D275B9F8C00BBBA47 /* Sources */ = {
			isa = PBXSourcesBuildPhase;
			buildActionMask = 2147483647;
			files = (
				0944FB29275B9F8C00BBBA47 /* ViewController.swift in Sources */,
				0944FB25275B9F8C00BBBA47 /* AppDelegate.swift in Sources */,
				0944FB27275B9F8C00BBBA47 /* SceneDelegate.swift in Sources */,
			);
			runOnlyForDeploymentPostprocessing = 0;
		};
/* End PBXSourcesBuildPhase section */

/* Begin PBXVariantGroup section */
		0944FB2A275B9F8C00BBBA47 /* Main.storyboard */ = {
			isa = PBXVariantGroup;
			children = (
				0944FB2B275B9F8C00BBBA47 /* Base */,
			);
			name = Main.storyboard;
			sourceTree = "<group>";
		};
		0944FB2F275B9F8D00BBBA47 /* LaunchScreen.storyboard */ = {
			isa = PBXVariantGroup;
			children = (
				0944FB30275B9F8D00BBBA47 /* Base */,
			);
			name = LaunchScreen.storyboard;
			sourceTree = "<group>";
		};
/* End PBXVariantGroup section */

/* Begin XCBuildConfiguration section */
		0944FB33275B9F8D00BBBA47 /* Debug */ = {
			isa = XCBuildConfiguration;
			buildSettings = {
				ALWAYS_SEARCH_USER_PATHS = NO;
				CLANG_ANALYZER_NONNULL = YES;
				CLANG_ANALYZER_NUMBER_OBJECT_CONVERSION = YES_AGGRESSIVE;
				CLANG_CXX_LANGUAGE_STANDARD = "gnu++14";
				CLANG_CXX_LIBRARY = "libc++";
				CLANG_ENABLE_MODULES = YES;
				CLANG_ENABLE_OBJC_ARC = YES;
				CLANG_ENABLE_OBJC_WEAK = YES;
				CLANG_WARN_BLOCK_CAPTURE_AUTORELEASING = YES;
				CLANG_WARN_BOOL_CONVERSION = YES;
				CLANG_WARN_COMMA = YES;
				CLANG_WARN_CONSTANT_CONVERSION = YES;
				CLANG_WARN_DEPRECATED_OBJC_IMPLEMENTATIONS = YES;
				CLANG_WARN_DIRECT_OBJC_ISA_USAGE = YES_ERROR;
				CLANG_WARN_DOCUMENTATION_COMMENTS = YES;
				CLANG_WARN_EMPTY_BODY = YES;
				CLANG_WARN_ENUM_CONVERSION = YES;
				CLANG_WARN_INFINITE_RECURSION = YES;
				CLANG_WARN_INT_CONVERSION = YES;
				CLANG_WARN_NON_LITERAL_NULL_CONVERSION = YES;
				CLANG_WARN_OBJC_IMPLICIT_RETAIN_SELF = YES;
				CLANG_WARN_OBJC_LITERAL_CONVERSION = YES;
				CLANG_WARN_OBJC_ROOT_CLASS = YES_ERROR;
				CLANG_WARN_QUOTED_INCLUDE_IN_FRAMEWORK_HEADER = YES;
				CLANG_WARN_RANGE_LOOP_ANALYSIS = YES;
				CLANG_WARN_STRICT_PROTOTYPES = YES;
				CLANG_WARN_SUSPICIOUS_MOVE = YES;
				CLANG_WARN_UNGUARDED_AVAILABILITY = YES_AGGRESSIVE;
				CLANG_WARN_UNREACHABLE_CODE = YES;
				CLANG_WARN__DUPLICATE_METHOD_MATCH = YES;
				COPY_PHASE_STRIP = NO;
				DEBUG_INFORMATION_FORMAT = dwarf;
				ENABLE_STRICT_OBJC_MSGSEND = YES;
				ENABLE_TESTABILITY = YES;
				GCC_C_LANGUAGE_STANDARD = gnu11;
				GCC_DYNAMIC_NO_PIC = NO;
				GCC_NO_COMMON_BLOCKS = YES;
				GCC_OPTIMIZATION_LEVEL = 0;
				GCC_PREPROCESSOR_DEFINITIONS = (
					"DEBUG=1",
					"$(inherited)",
				);
				GCC_WARN_64_TO_32_BIT_CONVERSION = YES;
				GCC_WARN_ABOUT_RETURN_TYPE = YES_ERROR;
				GCC_WARN_UNDECLARED_SELECTOR = YES;
				GCC_WARN_UNINITIALIZED_AUTOS = YES_AGGRESSIVE;
				GCC_WARN_UNUSED_FUNCTION = YES;
				GCC_WARN_UNUSED_VARIABLE = YES;
				IPHONEOS_DEPLOYMENT_TARGET = 14.4;
				MTL_ENABLE_DEBUG_INFO = INCLUDE_SOURCE;
				MTL_FAST_MATH = YES;
				ONLY_ACTIVE_ARCH = YES;
				SDKROOT = iphoneos;
				SWIFT_ACTIVE_COMPILATION_CONDITIONS = DEBUG;
				SWIFT_OPTIMIZATION_LEVEL = "-Onone";
			};
			name = Debug;
		};
		0944FB34275B9F8D00BBBA47 /* Release */ = {
			isa = XCBuildConfiguration;
			buildSettings = {
				ALWAYS_SEARCH_USER_PATHS = NO;
				CLANG_ANALYZER_NONNULL = YES;
				CLANG_ANALYZER_NUMBER_OBJECT_CONVERSION = YES_AGGRESSIVE;
				CLANG_CXX_LANGUAGE_STANDARD = "gnu++14";
				CLANG_CXX_LIBRARY = "libc++";
				CLANG_ENABLE_MODULES = YES;
				CLANG_ENABLE_OBJC_ARC = YES;
				CLANG_ENABLE_OBJC_WEAK = YES;
				CLANG_WARN_BLOCK_CAPTURE_AUTORELEASING = YES;
				CLANG_WARN_BOOL_CONVERSION = YES;
				CLANG_WARN_COMMA = YES;
				CLANG_WARN_CONSTANT_CONVERSION = YES;
				CLANG_WARN_DEPRECATED_OBJC_IMPLEMENTATIONS = YES;
				CLANG_WARN_DIRECT_OBJC_ISA_USAGE = YES_ERROR;
				CLANG_WARN_DOCUMENTATION_COMMENTS = YES;
				CLANG_WARN_EMPTY_BODY = YES;
				CLANG_WARN_ENUM_CONVERSION = YES;
				CLANG_WARN_INFINITE_RECURSION = YES;
				CLANG_WARN_INT_CONVERSION = YES;
				CLANG_WARN_NON_LITERAL_NULL_CONVERSION = YES;
				CLANG_WARN_OBJC_IMPLICIT_RETAIN_SELF = YES;
				CLANG_WARN_OBJC_LITERAL_CONVERSION = YES;
				CLANG_WARN_OBJC_ROOT_CLASS = YES_ERROR;
				CLANG_WARN_QUOTED_INCLUDE_IN_FRAMEWORK_HEADER = YES;
				CLANG_WARN_RANGE_LOOP_ANALYSIS = YES;
				CLANG_WARN_STRICT_PROTOTYPES = YES;
				CLANG_WARN_SUSPICIOUS_MOVE = YES;
				CLANG_WARN_UNGUARDED_AVAILABILITY = YES_AGGRESSIVE;
				CLANG_WARN_UNREACHABLE_CODE = YES;
				CLANG_WARN__DUPLICATE_METHOD_MATCH = YES;
				COPY_PHASE_STRIP = NO;
				DEBUG_INFORMATION_FORMAT = "dwarf-with-dsym";
				ENABLE_NS_ASSERTIONS = NO;
				ENABLE_STRICT_OBJC_MSGSEND = YES;
				GCC_C_LANGUAGE_STANDARD = gnu11;
				GCC_NO_COMMON_BLOCKS = YES;
				GCC_WARN_64_TO_32_BIT_CONVERSION = YES;
				GCC_WARN_ABOUT_RETURN_TYPE = YES_ERROR;
				GCC_WARN_UNDECLARED_SELECTOR = YES;
				GCC_WARN_UNINITIALIZED_AUTOS = YES_AGGRESSIVE;
				GCC_WARN_UNUSED_FUNCTION = YES;
				GCC_WARN_UNUSED_VARIABLE = YES;
				IPHONEOS_DEPLOYMENT_TARGET = 14.4;
				MTL_ENABLE_DEBUG_INFO = NO;
				MTL_FAST_MATH = YES;
				SDKROOT = iphoneos;
				SWIFT_COMPILATION_MODE = wholemodule;
				SWIFT_OPTIMIZATION_LEVEL = "-O";
				VALIDATE_PRODUCT = YES;
			};
			name = Release;
		};
		0944FB36275B9F8D00BBBA47 /* Debug */ = {
			isa = XCBuildConfiguration;
			baseConfigurationReference = B38FAC2878557AE3647793CB /* Pods-QuizApp_PrivacyPolicy.debug.xcconfig */;
			buildSettings = {
				ASSETCATALOG_COMPILER_APPICON_NAME = AppIcon;
				ASSETCATALOG_COMPILER_GLOBAL_ACCENT_COLOR_NAME = AccentColor;
				CODE_SIGN_STYLE = Automatic;
				DEVELOPMENT_TEAM = 39CMUWU2FU;
				INFOPLIST_FILE = QuizApp_PrivacyPolicy/Info.plist;
				LD_RUNPATH_SEARCH_PATHS = (
					"$(inherited)",
					"@executable_path/Frameworks",
				);
				PRODUCT_BUNDLE_IDENTIFIER = "jp.junsum.QuizApp-PrivacyPolicy";
				PRODUCT_NAME = "$(TARGET_NAME)";
				SWIFT_VERSION = 5.0;
				TARGETED_DEVICE_FAMILY = "1,2";
			};
			name = Debug;
		};
		0944FB37275B9F8D00BBBA47 /* Release */ = {
			isa = XCBuildConfiguration;
			baseConfigurationReference = A940C0E772EDC50DB9A86398 /* Pods-QuizApp_PrivacyPolicy.release.xcconfig */;
			buildSettings = {
				ASSETCATALOG_COMPILER_APPICON_NAME = AppIcon;
				ASSETCATALOG_COMPILER_GLOBAL_ACCENT_COLOR_NAME = AccentColor;
				CODE_SIGN_STYLE = Automatic;
				DEVELOPMENT_TEAM = 39CMUWU2FU;
				INFOPLIST_FILE = QuizApp_PrivacyPolicy/Info.plist;
				LD_RUNPATH_SEARCH_PATHS = (
					"$(inherited)",
					"@executable_path/Frameworks",
				);
				PRODUCT_BUNDLE_IDENTIFIER = "jp.junsum.QuizApp-PrivacyPolicy";
				PRODUCT_NAME = "$(TARGET_NAME)";
				SWIFT_VERSION = 5.0;
				TARGETED_DEVICE_FAMILY = "1,2";
			};
			name = Release;
		};
/* End XCBuildConfiguration section */

/* Begin XCConfigurationList section */
		0944FB1C275B9F8C00BBBA47 /* Build configuration list for PBXProject "QuizApp_PrivacyPolicy" */ = {
			isa = XCConfigurationList;
			buildConfigurations = (
				0944FB33275B9F8D00BBBA47 /* Debug */,
				0944FB34275B9F8D00BBBA47 /* Release */,
			);
			defaultConfigurationIsVisible = 0;
			defaultConfigurationName = Release;
		};
		0944FB35275B9F8D00BBBA47 /* Build configuration list for PBXNativeTarget "QuizApp_PrivacyPolicy" */ = {
			isa = XCConfigurationList;
			buildConfigurations = (
				0944FB36275B9F8D00BBBA47 /* Debug */,
				0944FB37275B9F8D00BBBA47 /* Release */,
			);
			defaultConfigurationIsVisible = 0;
			defaultConfigurationName = Release;
		};
/* End XCConfigurationList section */
	};
	rootObject = 0944FB19275B9F8C00BBBA47 /* Project object */;
}
